// !$*UTF8*$!
{
	archiveVersion = 1;
	classes = {
	};
	objectVersion = 50;
	objects = {

/* Begin PBXBuildFile section */
		18A4281C845CAFE90E3D1609 /* Pods_Todoey.framework in Frameworks */ = {isa = PBXBuildFile; fileRef = E211F798B0AEAC1AD06C1D42 /* Pods_Todoey.framework */; };
		2B5371C921E799DD009770A2 /* Item.swift in Sources */ = {isa = PBXBuildFile; fileRef = 2B5371C821E799DD009770A2 /* Item.swift */; };
		2B5371CB21E799EA009770A2 /* Category.swift in Sources */ = {isa = PBXBuildFile; fileRef = 2B5371CA21E799EA009770A2 /* Category.swift */; };
		2B5371CD21E7B08C009770A2 /* SwipeTableViewController.swift in Sources */ = {isa = PBXBuildFile; fileRef = 2B5371CC21E7B08C009770A2 /* SwipeTableViewController.swift */; };
		2BEF828021DFC0B5003F09F8 /* AppDelegate.swift in Sources */ = {isa = PBXBuildFile; fileRef = 2BEF827F21DFC0B5003F09F8 /* AppDelegate.swift */; };
		2BEF828221DFC0B5003F09F8 /* TodoListViewController.swift in Sources */ = {isa = PBXBuildFile; fileRef = 2BEF828121DFC0B5003F09F8 /* TodoListViewController.swift */; };
		2BEF828521DFC0B5003F09F8 /* Main.storyboard in Resources */ = {isa = PBXBuildFile; fileRef = 2BEF828321DFC0B5003F09F8 /* Main.storyboard */; };
		2BEF828721DFC0B6003F09F8 /* Assets.xcassets in Resources */ = {isa = PBXBuildFile; fileRef = 2BEF828621DFC0B6003F09F8 /* Assets.xcassets */; };
		2BEF828A21DFC0B6003F09F8 /* LaunchScreen.storyboard in Resources */ = {isa = PBXBuildFile; fileRef = 2BEF828821DFC0B6003F09F8 /* LaunchScreen.storyboard */; };
		2BEF82BC21E07550003F09F8 /* CategoryViewController.swift in Sources */ = {isa = PBXBuildFile; fileRef = 2BEF82BB21E07550003F09F8 /* CategoryViewController.swift */; };
/* End PBXBuildFile section */

/* Begin PBXFileReference section */
		2B5371C821E799DD009770A2 /* Item.swift */ = {isa = PBXFileReference; lastKnownFileType = sourcecode.swift; path = Item.swift; sourceTree = "<group>"; };
		2B5371CA21E799EA009770A2 /* Category.swift */ = {isa = PBXFileReference; lastKnownFileType = sourcecode.swift; path = Category.swift; sourceTree = "<group>"; };
		2B5371CC21E7B08C009770A2 /* SwipeTableViewController.swift */ = {isa = PBXFileReference; lastKnownFileType = sourcecode.swift; path = SwipeTableViewController.swift; sourceTree = "<group>"; };
		2BEF827C21DFC0B5003F09F8 /* Todoey.app */ = {isa = PBXFileReference; explicitFileType = wrapper.application; includeInIndex = 0; path = Todoey.app; sourceTree = BUILT_PRODUCTS_DIR; };
		2BEF827F21DFC0B5003F09F8 /* AppDelegate.swift */ = {isa = PBXFileReference; lastKnownFileType = sourcecode.swift; path = AppDelegate.swift; sourceTree = "<group>"; };
		2BEF828121DFC0B5003F09F8 /* TodoListViewController.swift */ = {isa = PBXFileReference; lastKnownFileType = sourcecode.swift; path = TodoListViewController.swift; sourceTree = "<group>"; };
		2BEF828421DFC0B5003F09F8 /* Base */ = {isa = PBXFileReference; lastKnownFileType = file.storyboard; name = Base; path = Base.lproj/Main.storyboard; sourceTree = "<group>"; };
		2BEF828621DFC0B6003F09F8 /* Assets.xcassets */ = {isa = PBXFileReference; lastKnownFileType = folder.assetcatalog; path = Assets.xcassets; sourceTree = "<group>"; };
		2BEF828921DFC0B6003F09F8 /* Base */ = {isa = PBXFileReference; lastKnownFileType = file.storyboard; name = Base; path = Base.lproj/LaunchScreen.storyboard; sourceTree = "<group>"; };
		2BEF828B21DFC0B6003F09F8 /* Info.plist */ = {isa = PBXFileReference; lastKnownFileType = text.plist.xml; path = Info.plist; sourceTree = "<group>"; };
		2BEF82BB21E07550003F09F8 /* CategoryViewController.swift */ = {isa = PBXFileReference; lastKnownFileType = sourcecode.swift; path = CategoryViewController.swift; sourceTree = "<group>"; };
		9F0E88CE186B2247166CB988 /* Pods-Todoey.release.xcconfig */ = {isa = PBXFileReference; includeInIndex = 1; lastKnownFileType = text.xcconfig; name = "Pods-Todoey.release.xcconfig"; path = "Pods/Target Support Files/Pods-Todoey/Pods-Todoey.release.xcconfig"; sourceTree = "<group>"; };
		E211F798B0AEAC1AD06C1D42 /* Pods_Todoey.framework */ = {isa = PBXFileReference; explicitFileType = wrapper.framework; includeInIndex = 0; path = Pods_Todoey.framework; sourceTree = BUILT_PRODUCTS_DIR; };
		F64B3F5865101526620711B8 /* Pods-Todoey.debug.xcconfig */ = {isa = PBXFileReference; includeInIndex = 1; lastKnownFileType = text.xcconfig; name = "Pods-Todoey.debug.xcconfig"; path = "Pods/Target Support Files/Pods-Todoey/Pods-Todoey.debug.xcconfig"; sourceTree = "<group>"; };
/* End PBXFileReference section */

/* Begin PBXFrameworksBuildPhase section */
		2BEF827921DFC0B5003F09F8 /* Frameworks */ = {
			isa = PBXFrameworksBuildPhase;
			buildActionMask = 2147483647;
			files = (
				18A4281C845CAFE90E3D1609 /* Pods_Todoey.framework in Frameworks */,
			);
			runOnlyForDeploymentPostprocessing = 0;
		};
/* End PBXFrameworksBuildPhase section */

/* Begin PBXGroup section */
		2BEF827321DFC0B5003F09F8 = {
			isa = PBXGroup;
			children = (
				2BEF827E21DFC0B5003F09F8 /* Todoey */,
				2BEF827D21DFC0B5003F09F8 /* Products */,
				85C5801AA797ACADAE64463F /* Pods */,
				D0DE9ECCF38681E762C58E57 /* Frameworks */,
			);
			sourceTree = "<group>";
		};
		2BEF827D21DFC0B5003F09F8 /* Products */ = {
			isa = PBXGroup;
			children = (
				2BEF827C21DFC0B5003F09F8 /* Todoey.app */,
			);
			name = Products;
			sourceTree = "<group>";
		};
		2BEF827E21DFC0B5003F09F8 /* Todoey */ = {
			isa = PBXGroup;
			children = (
				2BEF827F21DFC0B5003F09F8 /* AppDelegate.swift */,
				2BEF829421DFFFE1003F09F8 /* Controllers */,
				2BEF829321DFFFD3003F09F8 /* DataModel */,
				2BEF829521DFFFED003F09F8 /* Views */,
				2BEF829621E00013003F09F8 /* Supporting Files */,
				2BEF828B21DFC0B6003F09F8 /* Info.plist */,
			);
			path = Todoey;
			sourceTree = "<group>";
		};
		2BEF829321DFFFD3003F09F8 /* DataModel */ = {
			isa = PBXGroup;
			children = (
				2B5371CA21E799EA009770A2 /* Category.swift */,
				2B5371C821E799DD009770A2 /* Item.swift */,
			);
			path = DataModel;
			sourceTree = "<group>";
		};
		2BEF829421DFFFE1003F09F8 /* Controllers */ = {
			isa = PBXGroup;
			children = (
				2BEF82BB21E07550003F09F8 /* CategoryViewController.swift */,
				2BEF828121DFC0B5003F09F8 /* TodoListViewController.swift */,
				2B5371CC21E7B08C009770A2 /* SwipeTableViewController.swift */,
			);
			path = Controllers;
			sourceTree = "<group>";
		};
		2BEF829521DFFFED003F09F8 /* Views */ = {
			isa = PBXGroup;
			children = (
				2BEF828321DFC0B5003F09F8 /* Main.storyboard */,
			);
			path = Views;
			sourceTree = "<group>";
		};
		2BEF829621E00013003F09F8 /* Supporting Files */ = {
			isa = PBXGroup;
			children = (
				2BEF828621DFC0B6003F09F8 /* Assets.xcassets */,
				2BEF828821DFC0B6003F09F8 /* LaunchScreen.storyboard */,
			);
			path = "Supporting Files";
			sourceTree = "<group>";
		};
		85C5801AA797ACADAE64463F /* Pods */ = {
			isa = PBXGroup;
			children = (
				F64B3F5865101526620711B8 /* Pods-Todoey.debug.xcconfig */,
				9F0E88CE186B2247166CB988 /* Pods-Todoey.release.xcconfig */,
			);
			name = Pods;
			sourceTree = "<group>";
		};
		D0DE9ECCF38681E762C58E57 /* Frameworks */ = {
			isa = PBXGroup;
			children = (
				E211F798B0AEAC1AD06C1D42 /* Pods_Todoey.framework */,
			);
			name = Frameworks;
			sourceTree = "<group>";
		};
/* End PBXGroup section */

/* Begin PBXNativeTarget section */
		2BEF827B21DFC0B5003F09F8 /* Todoey */ = {
			isa = PBXNativeTarget;
			buildConfigurationList = 2BEF828E21DFC0B6003F09F8 /* Build configuration list for PBXNativeTarget "Todoey" */;
			buildPhases = (
				1AB8EFC0F1439EB17AC26587 /* [CP] Check Pods Manifest.lock */,
				2BEF827821DFC0B5003F09F8 /* Sources */,
				2BEF827921DFC0B5003F09F8 /* Frameworks */,
				2BEF827A21DFC0B5003F09F8 /* Resources */,
				681B689F71FAA527D38BE151 /* [CP] Embed Pods Frameworks */,
			);
			buildRules = (
			);
			dependencies = (
			);
			name = Todoey;
			productName = Todoey;
			productReference = 2BEF827C21DFC0B5003F09F8 /* Todoey.app */;
			productType = "com.apple.product-type.application";
		};
/* End PBXNativeTarget section */

/* Begin PBXProject section */
		2BEF827421DFC0B5003F09F8 /* Project object */ = {
			isa = PBXProject;
			attributes = {
				LastSwiftUpdateCheck = 1010;
				LastUpgradeCheck = 1010;
				ORGANIZATIONNAME = "Anthony Campbell";
				TargetAttributes = {
					2BEF827B21DFC0B5003F09F8 = {
						CreatedOnToolsVersion = 10.1;
					};
				};
			};
			buildConfigurationList = 2BEF827721DFC0B5003F09F8 /* Build configuration list for PBXProject "Todoey" */;
			compatibilityVersion = "Xcode 9.3";
			developmentRegion = en;
			hasScannedForEncodings = 0;
			knownRegions = (
				en,
				Base,
			);
			mainGroup = 2BEF827321DFC0B5003F09F8;
			productRefGroup = 2BEF827D21DFC0B5003F09F8 /* Products */;
			projectDirPath = "";
			projectRoot = "";
			targets = (
				2BEF827B21DFC0B5003F09F8 /* Todoey */,
			);
		};
/* End PBXProject section */

/* Begin PBXResourcesBuildPhase section */
		2BEF827A21DFC0B5003F09F8 /* Resources */ = {
			isa = PBXResourcesBuildPhase;
			buildActionMask = 2147483647;
			files = (
				2BEF828A21DFC0B6003F09F8 /* LaunchScreen.storyboard in Resources */,
				2BEF828721DFC0B6003F09F8 /* Assets.xcassets in Resources */,
				2BEF828521DFC0B5003F09F8 /* Main.storyboard in Resources */,
			);
			runOnlyForDeploymentPostprocessing = 0;
		};
/* End PBXResourcesBuildPhase section */

/* Begin PBXShellScriptBuildPhase section */
		1AB8EFC0F1439EB17AC26587 /* [CP] Check Pods Manifest.lock */ = {
			isa = PBXShellScriptBuildPhase;
			buildActionMask = 2147483647;
			files = (
			);
			inputFileListPaths = (
			);
			inputPaths = (
				"${PODS_PODFILE_DIR_PATH}/Podfile.lock",
				"${PODS_ROOT}/Manifest.lock",
			);
			name = "[CP] Check Pods Manifest.lock";
			outputFileListPaths = (
			);
			outputPaths = (
				"$(DERIVED_FILE_DIR)/Pods-Todoey-checkManifestLockResult.txt",
			);
			runOnlyForDeploymentPostprocessing = 0;
			shellPath = /bin/sh;
			shellScript = "diff \"${PODS_PODFILE_DIR_PATH}/Podfile.lock\" \"${PODS_ROOT}/Manifest.lock\" > /dev/null\nif [ $? != 0 ] ; then\n    # print error to STDERR\n    echo \"error: The sandbox is not in sync with the Podfile.lock. Run 'pod install' or update your CocoaPods installation.\" >&2\n    exit 1\nfi\n# This output is used by Xcode 'outputs' to avoid re-running this script phase.\necho \"SUCCESS\" > \"${SCRIPT_OUTPUT_FILE_0}\"\n";
			showEnvVarsInLog = 0;
		};
		681B689F71FAA527D38BE151 /* [CP] Embed Pods Frameworks */ = {
			isa = PBXShellScriptBuildPhase;
			buildActionMask = 2147483647;
			files = (
			);
			inputFileListPaths = (
			);
			inputPaths = (
				"${SRCROOT}/Pods/Target Support Files/Pods-Todoey/Pods-Todoey-frameworks.sh",
				"${BUILT_PRODUCTS_DIR}/ChameleonFramework/ChameleonFramework.framework",
				"${BUILT_PRODUCTS_DIR}/Realm/Realm.framework",
				"${BUILT_PRODUCTS_DIR}/RealmSwift/RealmSwift.framework",
				"${BUILT_PRODUCTS_DIR}/SwipeCellKit/SwipeCellKit.framework",
			);
			name = "[CP] Embed Pods Frameworks";
			outputFileListPaths = (
			);
			outputPaths = (
				"${TARGET_BUILD_DIR}/${FRAMEWORKS_FOLDER_PATH}/ChameleonFramework.framework",
				"${TARGET_BUILD_DIR}/${FRAMEWORKS_FOLDER_PATH}/Realm.framework",
				"${TARGET_BUILD_DIR}/${FRAMEWORKS_FOLDER_PATH}/RealmSwift.framework",
				"${TARGET_BUILD_DIR}/${FRAMEWORKS_FOLDER_PATH}/SwipeCellKit.framework",
			);
			runOnlyForDeploymentPostprocessing = 0;
			shellPath = /bin/sh;
			shellScript = "\"${SRCROOT}/Pods/Target Support Files/Pods-Todoey/Pods-Todoey-frameworks.sh\"\n";
			showEnvVarsInLog = 0;
		};
/* End PBXShellScriptBuildPhase section */

/* Begin PBXSourcesBuildPhase section */
		2BEF827821DFC0B5003F09F8 /* Sources */ = {
			isa = PBXSourcesBuildPhase;
			buildActionMask = 2147483647;
			files = (
				2B5371C921E799DD009770A2 /* Item.swift in Sources */,
				2BEF82BC21E07550003F09F8 /* CategoryViewController.swift in Sources */,
				2BEF828221DFC0B5003F09F8 /* TodoListViewController.swift in Sources */,
				2BEF828021DFC0B5003F09F8 /* AppDelegate.swift in Sources */,
				2B5371CD21E7B08C009770A2 /* SwipeTableViewController.swift in Sources */,
				2B5371CB21E799EA009770A2 /* Category.swift in Sources */,
			);
			runOnlyForDeploymentPostprocessing = 0;
		};
/* End PBXSourcesBuildPhase section */

/* Begin PBXVariantGroup section */
		2BEF828321DFC0B5003F09F8 /* Main.storyboard */ = {
			isa = PBXVariantGroup;
			children = (
				2BEF828421DFC0B5003F09F8 /* Base */,
			);
			name = Main.storyboard;
			sourceTree = "<group>";
		};
		2BEF828821DFC0B6003F09F8 /* LaunchScreen.storyboard */ = {
			isa = PBXVariantGroup;
			children = (
				2BEF828921DFC0B6003F09F8 /* Base */,
			);
			name = LaunchScreen.storyboard;
			sourceTree = "<group>";
		};
/* End PBXVariantGroup section */

/* Begin XCBuildConfiguration section */
		2BEF828C21DFC0B6003F09F8 /* Debug */ = {
			isa = XCBuildConfiguration;
			buildSettings = {
				ALWAYS_SEARCH_USER_PATHS = NO;
				CLANG_ANALYZER_NONNULL = YES;
				CLANG_ANALYZER_NUMBER_OBJECT_CONVERSION = YES_AGGRESSIVE;
				CLANG_CXX_LANGUAGE_STANDARD = "gnu++14";
				CLANG_CXX_LIBRARY = "libc++";
				CLANG_ENABLE_MODULES = YES;
				CLANG_ENABLE_OBJC_ARC = YES;
				CLANG_ENABLE_OBJC_WEAK = YES;
				CLANG_WARN_BLOCK_CAPTURE_AUTORELEASING = YES;
				CLANG_WARN_BOOL_CONVERSION = YES;
				CLANG_WARN_COMMA = YES;
				CLANG_WARN_CONSTANT_CONVERSION = YES;
				CLANG_WARN_DEPRECATED_OBJC_IMPLEMENTATIONS = YES;
				CLANG_WARN_DIRECT_OBJC_ISA_USAGE = YES_ERROR;
				CLANG_WARN_DOCUMENTATION_COMMENTS = YES;
				CLANG_WARN_EMPTY_BODY = YES;
				CLANG_WARN_ENUM_CONVERSION = YES;
				CLANG_WARN_INFINITE_RECURSION = YES;
				CLANG_WARN_INT_CONVERSION = YES;
				CLANG_WARN_NON_LITERAL_NULL_CONVERSION = YES;
				CLANG_WARN_OBJC_IMPLICIT_RETAIN_SELF = YES;
				CLANG_WARN_OBJC_LITERAL_CONVERSION = YES;
				CLANG_WARN_OBJC_ROOT_CLASS = YES_ERROR;
				CLANG_WARN_RANGE_LOOP_ANALYSIS = YES;
				CLANG_WARN_STRICT_PROTOTYPES = YES;
				CLANG_WARN_SUSPICIOUS_MOVE = YES;
				CLANG_WARN_UNGUARDED_AVAILABILITY = YES_AGGRESSIVE;
				CLANG_WARN_UNREACHABLE_CODE = YES;
				CLANG_WARN__DUPLICATE_METHOD_MATCH = YES;
				CODE_SIGN_IDENTITY = "iPhone Developer";
				COPY_PHASE_STRIP = NO;
				DEBUG_INFORMATION_FORMAT = dwarf;
				ENABLE_STRICT_OBJC_MSGSEND = YES;
				ENABLE_TESTABILITY = YES;
				GCC_C_LANGUAGE_STANDARD = gnu11;
				GCC_DYNAMIC_NO_PIC = NO;
				GCC_NO_COMMON_BLOCKS = YES;
				GCC_OPTIMIZATION_LEVEL = 0;
				GCC_PREPROCESSOR_DEFINITIONS = (
					"DEBUG=1",
					"$(inherited)",
				);
				GCC_WARN_64_TO_32_BIT_CONVERSION = YES;
				GCC_WARN_ABOUT_RETURN_TYPE = YES_ERROR;
				GCC_WARN_UNDECLARED_SELECTOR = YES;
				GCC_WARN_UNINITIALIZED_AUTOS = YES_AGGRESSIVE;
				GCC_WARN_UNUSED_FUNCTION = YES;
				GCC_WARN_UNUSED_VARIABLE = YES;
				IPHONEOS_DEPLOYMENT_TARGET = 12.1;
				MTL_ENABLE_DEBUG_INFO = INCLUDE_SOURCE;
				MTL_FAST_MATH = YES;
				ONLY_ACTIVE_ARCH = YES;
				SDKROOT = iphoneos;
				SWIFT_ACTIVE_COMPILATION_CONDITIONS = DEBUG;
				SWIFT_OPTIMIZATION_LEVEL = "-Onone";
			};
			name = Debug;
		};
		2BEF828D21DFC0B6003F09F8 /* Release */ = {
			isa = XCBuildConfiguration;
			buildSettings = {
				ALWAYS_SEARCH_USER_PATHS = NO;
				CLANG_ANALYZER_NONNULL = YES;
				CLANG_ANALYZER_NUMBER_OBJECT_CONVERSION = YES_AGGRESSIVE;
				CLANG_CXX_LANGUAGE_STANDARD = "gnu++14";
				CLANG_CXX_LIBRARY = "libc++";
				CLANG_ENABLE_MODULES = YES;
				CLANG_ENABLE_OBJC_ARC = YES;
				CLANG_ENABLE_OBJC_WEAK = YES;
				CLANG_WARN_BLOCK_CAPTURE_AUTORELEASING = YES;
				CLANG_WARN_BOOL_CONVERSION = YES;
				CLANG_WARN_COMMA = YES;
				CLANG_WARN_CONSTANT_CONVERSION = YES;
				CLANG_WARN_DEPRECATED_OBJC_IMPLEMENTATIONS = YES;
				CLANG_WARN_DIRECT_OBJC_ISA_USAGE = YES_ERROR;
				CLANG_WARN_DOCUMENTATION_COMMENTS = YES;
				CLANG_WARN_EMPTY_BODY = YES;
				CLANG_WARN_ENUM_CONVERSION = YES;
				CLANG_WARN_INFINITE_RECURSION = YES;
				CLANG_WARN_INT_CONVERSION = YES;
				CLANG_WARN_NON_LITERAL_NULL_CONVERSION = YES;
				CLANG_WARN_OBJC_IMPLICIT_RETAIN_SELF = YES;
				CLANG_WARN_OBJC_LITERAL_CONVERSION = YES;
				CLANG_WARN_OBJC_ROOT_CLASS = YES_ERROR;
				CLANG_WARN_RANGE_LOOP_ANALYSIS = YES;
				CLANG_WARN_STRICT_PROTOTYPES = YES;
				CLANG_WARN_SUSPICIOUS_MOVE = YES;
				CLANG_WARN_UNGUARDED_AVAILABILITY = YES_AGGRESSIVE;
				CLANG_WARN_UNREACHABLE_CODE = YES;
				CLANG_WARN__DUPLICATE_METHOD_MATCH = YES;
				CODE_SIGN_IDENTITY = "iPhone Developer";
				COPY_PHASE_STRIP = NO;
				DEBUG_INFORMATION_FORMAT = "dwarf-with-dsym";
				ENABLE_NS_ASSERTIONS = NO;
				ENABLE_STRICT_OBJC_MSGSEND = YES;
				GCC_C_LANGUAGE_STANDARD = gnu11;
				GCC_NO_COMMON_BLOCKS = YES;
				GCC_WARN_64_TO_32_BIT_CONVERSION = YES;
				GCC_WARN_ABOUT_RETURN_TYPE = YES_ERROR;
				GCC_WARN_UNDECLARED_SELECTOR = YES;
				GCC_WARN_UNINITIALIZED_AUTOS = YES_AGGRESSIVE;
				GCC_WARN_UNUSED_FUNCTION = YES;
				GCC_WARN_UNUSED_VARIABLE = YES;
				IPHONEOS_DEPLOYMENT_TARGET = 12.1;
				MTL_ENABLE_DEBUG_INFO = NO;
				MTL_FAST_MATH = YES;
				SDKROOT = iphoneos;
				SWIFT_COMPILATION_MODE = wholemodule;
				SWIFT_OPTIMIZATION_LEVEL = "-O";
				VALIDATE_PRODUCT = YES;
			};
			name = Release;
		};
		2BEF828F21DFC0B6003F09F8 /* Debug */ = {
			isa = XCBuildConfiguration;
			baseConfigurationReference = F64B3F5865101526620711B8 /* Pods-Todoey.debug.xcconfig */;
			buildSettings = {
				ASSETCATALOG_COMPILER_APPICON_NAME = AppIcon;
				CODE_SIGN_STYLE = Automatic;
				INFOPLIST_FILE = Todoey/Info.plist;
				LD_RUNPATH_SEARCH_PATHS = (
					"$(inherited)",
					"@executable_path/Frameworks",
				);
				PRODUCT_BUNDLE_IDENTIFIER = com.anthonyecampbell.Todoey;
				PRODUCT_NAME = "$(TARGET_NAME)";
				SWIFT_VERSION = 4.2;
				TARGETED_DEVICE_FAMILY = "1,2";
			};
			name = Debug;
		};
		2BEF829021DFC0B6003F09F8 /* Release */ = {
			isa = XCBuildConfiguration;
			baseConfigurationReference = 9F0E88CE186B2247166CB988 /* Pods-Todoey.release.xcconfig */;
			buildSettings = {
				ASSETCATALOG_COMPILER_APPICON_NAME = AppIcon;
				CODE_SIGN_STYLE = Automatic;
				INFOPLIST_FILE = Todoey/Info.plist;
				LD_RUNPATH_SEARCH_PATHS = (
					"$(inherited)",
					"@executable_path/Frameworks",
				);
				PRODUCT_BUNDLE_IDENTIFIER = com.anthonyecampbell.Todoey;
				PRODUCT_NAME = "$(TARGET_NAME)";
				SWIFT_VERSION = 4.2;
				TARGETED_DEVICE_FAMILY = "1,2";
			};
			name = Release;
		};
/* End XCBuildConfiguration section */

/* Begin XCConfigurationList section */
		2BEF827721DFC0B5003F09F8 /* Build configuration list for PBXProject "Todoey" */ = {
			isa = XCConfigurationList;
			buildConfigurations = (
				2BEF828C21DFC0B6003F09F8 /* Debug */,
				2BEF828D21DFC0B6003F09F8 /* Release */,
			);
			defaultConfigurationIsVisible = 0;
			defaultConfigurationName = Release;
		};
		2BEF828E21DFC0B6003F09F8 /* Build configuration list for PBXNativeTarget "Todoey" */ = {
			isa = XCConfigurationList;
			buildConfigurations = (
				2BEF828F21DFC0B6003F09F8 /* Debug */,
				2BEF829021DFC0B6003F09F8 /* Release */,
			);
			defaultConfigurationIsVisible = 0;
			defaultConfigurationName = Release;
		};
/* End XCConfigurationList section */
	};
	rootObject = 2BEF827421DFC0B5003F09F8 /* Project object */;
}
